
Microsoft Visual Studio Solution File, Format Version 12.00
# Visual Studio Version 17
VisualStudioVersion = 17.2.32526.322
MinimumVisualStudioVersion = 10.0.40219.1
Project("{FAE04EC0-301F-11D3-BF4B-00C04F79EFBC}") = "Company.Core", "Company.Core\Company.Core.csproj", "{A5AE331B-1FA5-491C-BC3F-B7FD515F8111}"
EndProject
Project("{FAE04EC0-301F-11D3-BF4B-00C04F79EFBC}") = "Company.Repository", "Company.Repository\Company.Repository.csproj", "{2F1D136C-08BB-411C-9305-5355196F2D3C}"
EndProject
Project("{FAE04EC0-301F-11D3-BF4B-00C04F79EFBC}") = "Company.Service", "Company.Service\Company.Service.csproj", "{5067653C-D1D7-4341-881D-AC7001ABF236}"
EndProject
Project("{FAE04EC0-301F-11D3-BF4B-00C04F79EFBC}") = "Company.API", "Company.API\Company.API.csproj", "{7C39B1C3-6871-4AC4-B8D7-065E02206687}"
EndProject
Project("{FAE04EC0-301F-11D3-BF4B-00C04F79EFBC}") = "Company.WEB", "Company.WEB\Company.WEB.csproj", "{B899A17B-110D-4C97-A0FA-5C382B26760B}"
EndProject
Global
	GlobalSection(SolutionConfigurationPlatforms) = preSolution
		Debug|Any CPU = Debug|Any CPU
		Release|Any CPU = Release|Any CPU
	EndGlobalSection
	GlobalSection(ProjectConfigurationPlatforms) = postSolution
		{A5AE331B-1FA5-491C-BC3F-B7FD515F8111}.Debug|Any CPU.ActiveCfg = Debug|Any CPU
		{A5AE331B-1FA5-491C-BC3F-B7FD515F8111}.Debug|Any CPU.Build.0 = Debug|Any CPU
		{A5AE331B-1FA5-491C-BC3F-B7FD515F8111}.Release|Any CPU.ActiveCfg = Release|Any CPU
		{A5AE331B-1FA5-491C-BC3F-B7FD515F8111}.Release|Any CPU.Build.0 = Release|Any CPU
		{2F1D136C-08BB-411C-9305-5355196F2D3C}.Debug|Any CPU.ActiveCfg = Debug|Any CPU
		{2F1D136C-08BB-411C-9305-5355196F2D3C}.Debug|Any CPU.Build.0 = Debug|Any CPU
		{2F1D136C-08BB-411C-9305-5355196F2D3C}.Release|Any CPU.ActiveCfg = Release|Any CPU
		{2F1D136C-08BB-411C-9305-5355196F2D3C}.Release|Any CPU.Build.0 = Release|Any CPU
		{5067653C-D1D7-4341-881D-AC7001ABF236}.Debug|Any CPU.ActiveCfg = Debug|Any CPU
		{5067653C-D1D7-4341-881D-AC7001ABF236}.Debug|Any CPU.Build.0 = Debug|Any CPU
		{5067653C-D1D7-4341-881D-AC7001ABF236}.Release|Any CPU.ActiveCfg = Release|Any CPU
		{5067653C-D1D7-4341-881D-AC7001ABF236}.Release|Any CPU.Build.0 = Release|Any CPU
		{7C39B1C3-6871-4AC4-B8D7-065E02206687}.Debug|Any CPU.ActiveCfg = Debug|Any CPU
		{7C39B1C3-6871-4AC4-B8D7-065E02206687}.Debug|Any CPU.Build.0 = Debug|Any CPU
		{7C39B1C3-6871-4AC4-B8D7-065E02206687}.Release|Any CPU.ActiveCfg = Release|Any CPU
		{7C39B1C3-6871-4AC4-B8D7-065E02206687}.Release|Any CPU.Build.0 = Release|Any CPU
		{B899A17B-110D-4C97-A0FA-5C382B26760B}.Debug|Any CPU.ActiveCfg = Debug|Any CPU
		{B899A17B-110D-4C97-A0FA-5C382B26760B}.Debug|Any CPU.Build.0 = Debug|Any CPU
		{B899A17B-110D-4C97-A0FA-5C382B26760B}.Release|Any CPU.ActiveCfg = Release|Any CPU
		{B899A17B-110D-4C97-A0FA-5C382B26760B}.Release|Any CPU.Build.0 = Release|Any CPU
	EndGlobalSection
	GlobalSection(SolutionProperties) = preSolution
		HideSolutionNode = FALSE
	EndGlobalSection
	GlobalSection(ExtensibilityGlobals) = postSolution
		SolutionGuid = {919D21A6-397B-498F-92D9-E80F0E232F62}
	EndGlobalSection
EndGlobal
